# @generated by Move, please check-in and do not edit manually.

[move]
version = 3
manifest_digest = "0F1605A2066446F9939C2C80529E5C0E96DAC8BC1AC864378DD4AC3019F24C93"
deps_digest = "F8BBB0CCB2491CA29A3DF03D6F92277A4F3574266507ACD77214D37ECA3F3082"
dependencies = [
  { id = "Sui", name = "Sui" },
]

[[move.package]]
id = "MoveStdlib"
source = { git = "https://github.com/MystenLabs/sui.git", rev = "framework/testnet", subdir = "crates/sui-framework/packages/move-stdlib" }

[[move.package]]
id = "Sui"
source = { git = "https://github.com/MystenLabs/sui.git", rev = "framework/testnet", subdir = "crates/sui-framework/packages/sui-framework" }

dependencies = [
  { id = "MoveStdlib", name = "MoveStdlib" },
]

[move.toolchain-version]
compiler-version = "1.43.1"
edition = "2024.beta"
flavor = "sui"

[env]

[env.testnet]
chain-id = "4c78adac"
original-published-id = "0x06b5118385194756986c477e3a5b1cc8989c618542d39826fb30d3e9c79441e5"
latest-published-id = "0x06b5118385194756986c477e3a5b1cc8989c618542d39826fb30d3e9c79441e5"
published-version = "1"

[env.mainnet]
chain-id = "35834a8a"
original-published-id = "0xea80f5a71a163cb898499f513c520728785f5162b2f9bf8c9476b6b7dc9c894b"
latest-published-id = "0xea80f5a71a163cb898499f513c520728785f5162b2f9bf8c9476b6b7dc9c894b"
published-version = "1"
