# @generated by Move, please check-in and do not edit manually.

[move]
version = 3
manifest_digest = "CA4BAA480CF75DCD0B092CE0B31F852282BE71B58D19ED0D64287264177AEE9B"
deps_digest = "F8BBB0CCB2491CA29A3DF03D6F92277A4F3574266507ACD77214D37ECA3F3082"
dependencies = [
  { id = "Sui", name = "Sui" },
]

[[move.package]]
id = "MoveStdlib"
source = { git = "https://github.com/MystenLabs/sui.git", rev = "framework/testnet", subdir = "crates/sui-framework/packages/move-stdlib" }

[[move.package]]
id = "Sui"
source = { git = "https://github.com/MystenLabs/sui.git", rev = "framework/testnet", subdir = "crates/sui-framework/packages/sui-framework" }

dependencies = [
  { id = "MoveStdlib", name = "MoveStdlib" },
]

[move.toolchain-version]
compiler-version = "1.43.1"
edition = "2024.beta"
flavor = "sui"

[env]

[env.testnet]
chain-id = "4c78adac"
original-published-id = "0x02321550fab9b8deed487b71314b85c8771fab33ae239ca67f9527ce367152dc"
latest-published-id = "0x02321550fab9b8deed487b71314b85c8771fab33ae239ca67f9527ce367152dc"
published-version = "1"
