# @generated by Move, please check-in and do not edit manually.

[move]
version = 3
manifest_digest = "D10B6065C6EF5A945E1410A9F527CAD7064CEF30E889F27820790C1991829322"
deps_digest = "F8BBB0CCB2491CA29A3DF03D6F92277A4F3574266507ACD77214D37ECA3F3082"
dependencies = [
  { id = "Sui", name = "Sui" },
]

[[move.package]]
id = "MoveStdlib"
source = { git = "https://github.com/MystenLabs/sui.git", rev = "framework/mainnet", subdir = "crates/sui-framework/packages/move-stdlib" }

[[move.package]]
id = "Sui"
source = { git = "https://github.com/MystenLabs/sui.git", rev = "framework/mainnet", subdir = "crates/sui-framework/packages/sui-framework" }

dependencies = [
  { id = "MoveStdlib", name = "MoveStdlib" },
]

[move.toolchain-version]
compiler-version = "1.43.1"
edition = "2024.beta"
flavor = "sui"

[env]

[env.testnet]
chain-id = "4c78adac"
original-published-id = "0xecf91807db39656dbda3e6fdb237eccff32aa37844a1a75c9931af18e407c879"
latest-published-id = "0xecf91807db39656dbda3e6fdb237eccff32aa37844a1a75c9931af18e407c879"
published-version = "1"

[env.mainnet]
chain-id = "35834a8a"
original-published-id = "0xeb04131cc0b54fb5d50d48113a734d95f7c5ff30a2c1021cf259f3f77accd2fc"
latest-published-id = "0xeb04131cc0b54fb5d50d48113a734d95f7c5ff30a2c1021cf259f3f77accd2fc"
published-version = "1"
